
Microsoft Visual Studio Solution File, Format Version 12.00
# Visual Studio 14
VisualStudioVersion = 14.0.25420.1
MinimumVisualStudioVersion = 10.0.40219.1
Project("{FAE04EC0-301F-11D3-BF4B-00C04F79EFBC}") = "SimpleWindowsApplication", "SimpleWindowsApplication\SimpleWindowsApplication.csproj", "{084C7518-815F-443F-840E-FD32016C50BF}"
EndProject
Project("{FAE04EC0-301F-11D3-BF4B-00C04F79EFBC}") = "Communicator", "Communicator\Communicator.csproj", "{3FF38C99-C434-4313-A58C-549B28216A9C}"
EndProject
Project("{FAE04EC0-301F-11D3-BF4B-00C04F79EFBC}") = "ConsoleTester", "ConsoleTester\ConsoleTester.csproj", "{9A5F8ED7-FA44-442C-AB22-0F08DEA5F640}"
EndProject
Project("{FAE04EC0-301F-11D3-BF4B-00C04F79EFBC}") = "CopyListener", "CopyListener\CopyListener.csproj", "{92947E6C-BF93-4313-AEC2-ED7ECA2D87D2}"
EndProject
Project("{FAE04EC0-301F-11D3-BF4B-00C04F79EFBC}") = "DotNetInject", "DotNetInject\DotNetInject.csproj", "{E26723CD-D369-4C78-9266-EE9A8777D8BC}"
EndProject
Project("{FAE04EC0-301F-11D3-BF4B-00C04F79EFBC}") = "DotNetInjectable", "DotNetInjectable\DotNetInjectable.csproj", "{EC0456C4-1E70-45C1-8D8E-6D684FDA7CE3}"
EndProject
Project("{FAE04EC0-301F-11D3-BF4B-00C04F79EFBC}") = "DotNetInjecter", "DotNetInjecter\DotNetInjecter.csproj", "{8718735A-9AC1-4147-9B8D-1A4595543AC5}"
EndProject
Project("{FAE04EC0-301F-11D3-BF4B-00C04F79EFBC}") = "KeyBasedGenericDeserializer", "KeyBasedGenericDeserializer\KeyBasedGenericDeserializer.csproj", "{08554384-D5B0-43E8-A127-FD6A2EAD38CE}"
EndProject
Project("{FAE04EC0-301F-11D3-BF4B-00C04F79EFBC}") = "LocalAppSettingsManager", "LocalAppSettingsManager\LocalAppSettingsManager.csproj", "{84222359-0487-4C68-9DC0-44BADB77C489}"
EndProject
Project("{FAE04EC0-301F-11D3-BF4B-00C04F79EFBC}") = "Monad", "Monad\Monad.csproj", "{8733D3B4-9D2F-4278-8B9A-5A0AD94B3C31}"
EndProject
Project("{FAE04EC0-301F-11D3-BF4B-00C04F79EFBC}") = "SampleBundleApi", "SampleBundleApi\SampleBundleApi.csproj", "{563CCA64-CC6B-4991-9A79-D93A5032074C}"
EndProject
Project("{FAE04EC0-301F-11D3-BF4B-00C04F79EFBC}") = "SampleTests", "SampleTests\SampleTests.csproj", "{A7E8ABCC-5DBF-4797-B65D-4037EA2A2F29}"
EndProject
Project("{FAE04EC0-301F-11D3-BF4B-00C04F79EFBC}") = "SimpleConsoleApplication", "SimpleConsoleApplication\SimpleConsoleApplication.csproj", "{88F1B3F8-5059-4185-BEB7-67A37F8AB682}"
EndProject
Project("{FAE04EC0-301F-11D3-BF4B-00C04F79EFBC}") = "StrategyResolver", "StrategyResolver\StrategyResolver.csproj", "{9B1ACCCC-B4F9-45B3-862B-D2044F265B08}"
EndProject
Project("{FAE04EC0-301F-11D3-BF4B-00C04F79EFBC}") = "WinTester", "WinTester\WinTester.csproj", "{E3591C72-09B8-4046-83E2-7B1FE6305B43}"
EndProject
Global
	GlobalSection(SolutionConfigurationPlatforms) = preSolution
		Debug|Any CPU = Debug|Any CPU
		Release|Any CPU = Release|Any CPU
	EndGlobalSection
	GlobalSection(ProjectConfigurationPlatforms) = postSolution
		{084C7518-815F-443F-840E-FD32016C50BF}.Debug|Any CPU.ActiveCfg = Debug|Any CPU
		{084C7518-815F-443F-840E-FD32016C50BF}.Debug|Any CPU.Build.0 = Debug|Any CPU
		{084C7518-815F-443F-840E-FD32016C50BF}.Release|Any CPU.ActiveCfg = Release|Any CPU
		{084C7518-815F-443F-840E-FD32016C50BF}.Release|Any CPU.Build.0 = Release|Any CPU
		{3FF38C99-C434-4313-A58C-549B28216A9C}.Debug|Any CPU.ActiveCfg = Debug|Any CPU
		{3FF38C99-C434-4313-A58C-549B28216A9C}.Debug|Any CPU.Build.0 = Debug|Any CPU
		{3FF38C99-C434-4313-A58C-549B28216A9C}.Release|Any CPU.ActiveCfg = Release|Any CPU
		{3FF38C99-C434-4313-A58C-549B28216A9C}.Release|Any CPU.Build.0 = Release|Any CPU
		{9A5F8ED7-FA44-442C-AB22-0F08DEA5F640}.Debug|Any CPU.ActiveCfg = Debug|Any CPU
		{9A5F8ED7-FA44-442C-AB22-0F08DEA5F640}.Debug|Any CPU.Build.0 = Debug|Any CPU
		{9A5F8ED7-FA44-442C-AB22-0F08DEA5F640}.Release|Any CPU.ActiveCfg = Release|Any CPU
		{9A5F8ED7-FA44-442C-AB22-0F08DEA5F640}.Release|Any CPU.Build.0 = Release|Any CPU
		{92947E6C-BF93-4313-AEC2-ED7ECA2D87D2}.Debug|Any CPU.ActiveCfg = Debug|Any CPU
		{92947E6C-BF93-4313-AEC2-ED7ECA2D87D2}.Debug|Any CPU.Build.0 = Debug|Any CPU
		{92947E6C-BF93-4313-AEC2-ED7ECA2D87D2}.Release|Any CPU.ActiveCfg = Release|Any CPU
		{92947E6C-BF93-4313-AEC2-ED7ECA2D87D2}.Release|Any CPU.Build.0 = Release|Any CPU
		{E26723CD-D369-4C78-9266-EE9A8777D8BC}.Debug|Any CPU.ActiveCfg = Debug|Any CPU
		{E26723CD-D369-4C78-9266-EE9A8777D8BC}.Debug|Any CPU.Build.0 = Debug|Any CPU
		{E26723CD-D369-4C78-9266-EE9A8777D8BC}.Release|Any CPU.ActiveCfg = Release|Any CPU
		{E26723CD-D369-4C78-9266-EE9A8777D8BC}.Release|Any CPU.Build.0 = Release|Any CPU
		{EC0456C4-1E70-45C1-8D8E-6D684FDA7CE3}.Debug|Any CPU.ActiveCfg = Debug|Any CPU
		{EC0456C4-1E70-45C1-8D8E-6D684FDA7CE3}.Debug|Any CPU.Build.0 = Debug|Any CPU
		{EC0456C4-1E70-45C1-8D8E-6D684FDA7CE3}.Release|Any CPU.ActiveCfg = Release|Any CPU
		{EC0456C4-1E70-45C1-8D8E-6D684FDA7CE3}.Release|Any CPU.Build.0 = Release|Any CPU
		{8718735A-9AC1-4147-9B8D-1A4595543AC5}.Debug|Any CPU.ActiveCfg = Debug|Any CPU
		{8718735A-9AC1-4147-9B8D-1A4595543AC5}.Debug|Any CPU.Build.0 = Debug|Any CPU
		{8718735A-9AC1-4147-9B8D-1A4595543AC5}.Release|Any CPU.ActiveCfg = Release|Any CPU
		{8718735A-9AC1-4147-9B8D-1A4595543AC5}.Release|Any CPU.Build.0 = Release|Any CPU
		{08554384-D5B0-43E8-A127-FD6A2EAD38CE}.Debug|Any CPU.ActiveCfg = Debug|Any CPU
		{08554384-D5B0-43E8-A127-FD6A2EAD38CE}.Debug|Any CPU.Build.0 = Debug|Any CPU
		{08554384-D5B0-43E8-A127-FD6A2EAD38CE}.Release|Any CPU.ActiveCfg = Release|Any CPU
		{08554384-D5B0-43E8-A127-FD6A2EAD38CE}.Release|Any CPU.Build.0 = Release|Any CPU
		{84222359-0487-4C68-9DC0-44BADB77C489}.Debug|Any CPU.ActiveCfg = Debug|Any CPU
		{84222359-0487-4C68-9DC0-44BADB77C489}.Debug|Any CPU.Build.0 = Debug|Any CPU
		{84222359-0487-4C68-9DC0-44BADB77C489}.Release|Any CPU.ActiveCfg = Release|Any CPU
		{84222359-0487-4C68-9DC0-44BADB77C489}.Release|Any CPU.Build.0 = Release|Any CPU
		{8733D3B4-9D2F-4278-8B9A-5A0AD94B3C31}.Debug|Any CPU.ActiveCfg = Debug|Any CPU
		{8733D3B4-9D2F-4278-8B9A-5A0AD94B3C31}.Debug|Any CPU.Build.0 = Debug|Any CPU
		{8733D3B4-9D2F-4278-8B9A-5A0AD94B3C31}.Release|Any CPU.ActiveCfg = Release|Any CPU
		{8733D3B4-9D2F-4278-8B9A-5A0AD94B3C31}.Release|Any CPU.Build.0 = Release|Any CPU
		{563CCA64-CC6B-4991-9A79-D93A5032074C}.Debug|Any CPU.ActiveCfg = Debug|Any CPU
		{563CCA64-CC6B-4991-9A79-D93A5032074C}.Debug|Any CPU.Build.0 = Debug|Any CPU
		{563CCA64-CC6B-4991-9A79-D93A5032074C}.Release|Any CPU.ActiveCfg = Release|Any CPU
		{563CCA64-CC6B-4991-9A79-D93A5032074C}.Release|Any CPU.Build.0 = Release|Any CPU
		{A7E8ABCC-5DBF-4797-B65D-4037EA2A2F29}.Debug|Any CPU.ActiveCfg = Debug|Any CPU
		{A7E8ABCC-5DBF-4797-B65D-4037EA2A2F29}.Debug|Any CPU.Build.0 = Debug|Any CPU
		{A7E8ABCC-5DBF-4797-B65D-4037EA2A2F29}.Release|Any CPU.ActiveCfg = Release|Any CPU
		{A7E8ABCC-5DBF-4797-B65D-4037EA2A2F29}.Release|Any CPU.Build.0 = Release|Any CPU
		{88F1B3F8-5059-4185-BEB7-67A37F8AB682}.Debug|Any CPU.ActiveCfg = Debug|Any CPU
		{88F1B3F8-5059-4185-BEB7-67A37F8AB682}.Debug|Any CPU.Build.0 = Debug|Any CPU
		{88F1B3F8-5059-4185-BEB7-67A37F8AB682}.Release|Any CPU.ActiveCfg = Release|Any CPU
		{88F1B3F8-5059-4185-BEB7-67A37F8AB682}.Release|Any CPU.Build.0 = Release|Any CPU
		{9B1ACCCC-B4F9-45B3-862B-D2044F265B08}.Debug|Any CPU.ActiveCfg = Debug|Any CPU
		{9B1ACCCC-B4F9-45B3-862B-D2044F265B08}.Debug|Any CPU.Build.0 = Debug|Any CPU
		{9B1ACCCC-B4F9-45B3-862B-D2044F265B08}.Release|Any CPU.ActiveCfg = Release|Any CPU
		{9B1ACCCC-B4F9-45B3-862B-D2044F265B08}.Release|Any CPU.Build.0 = Release|Any CPU
		{E3591C72-09B8-4046-83E2-7B1FE6305B43}.Debug|Any CPU.ActiveCfg = Debug|Any CPU
		{E3591C72-09B8-4046-83E2-7B1FE6305B43}.Debug|Any CPU.Build.0 = Debug|Any CPU
		{E3591C72-09B8-4046-83E2-7B1FE6305B43}.Release|Any CPU.ActiveCfg = Release|Any CPU
		{E3591C72-09B8-4046-83E2-7B1FE6305B43}.Release|Any CPU.Build.0 = Release|Any CPU
	EndGlobalSection
	GlobalSection(SolutionProperties) = preSolution
		HideSolutionNode = FALSE
	EndGlobalSection
EndGlobal
